
Microsoft Visual Studio Solution File, Format Version 12.00
# Visual Studio Version 16
VisualStudioVersion = 16.0.29326.143
MinimumVisualStudioVersion = 10.0.40219.1
Project("{FAE04EC0-301F-11D3-BF4B-00C04F79EFBC}") = "Format Exception", "Format Exception\Format Exception.csproj", "{13584820-6E03-47DF-9558-154C2B80136B}"
EndProject
Global
	GlobalSection(SolutionConfigurationPlatforms) = preSolution
		Debug|Any CPU = Debug|Any CPU
		Release|Any CPU = Release|Any CPU
	EndGlobalSection
	GlobalSection(ProjectConfigurationPlatforms) = postSolution
		{13584820-6E03-47DF-9558-154C2B80136B}.Debug|Any CPU.ActiveCfg = Debug|Any CPU
		{13584820-6E03-47DF-9558-154C2B80136B}.Debug|Any CPU.Build.0 = Debug|Any CPU
		{13584820-6E03-47DF-9558-154C2B80136B}.Release|Any CPU.ActiveCfg = Release|Any CPU
		{13584820-6E03-47DF-9558-154C2B80136B}.Release|Any CPU.Build.0 = Release|Any CPU
	EndGlobalSection
	GlobalSection(SolutionProperties) = preSolution
		HideSolutionNode = FALSE
	EndGlobalSection
	GlobalSection(ExtensibilityGlobals) = postSolution
		SolutionGuid = {4AEA0259-DDE7-4A1B-920F-A634A6ABE2D2}
	EndGlobalSection
EndGlobal
